<?xml version="1.0" encoding="utf-8"?>
<Project ToolsVersion="4.0" xmlns="http://schemas.microsoft.com/developer/msbuild/2003">
  <ItemGroup>
    <Filter Include="win32">
      <UniqueIdentifier>{84a8ebd7-7cf0-47f6-b75e-d441df67da40}</UniqueIdentifier>
    </Filter>
    <Filter Include="resource">
      <UniqueIdentifier>{715254bc-d70b-4ec5-bf29-467dd3ace079}</UniqueIdentifier>
    </Filter>
    <Filter Include="src">
      <UniqueIdentifier>{bb6c862e-70e9-49d9-81b7-3829a6f50471}</UniqueIdentifier>
    </Filter>
    <Filter Include="src\Scene">
      <UniqueIdentifier>{a50edfc1-3388-44ff-a763-0527dbd5912a}</UniqueIdentifier>
    </Filter>
    <Filter Include="src\Tool">
      <UniqueIdentifier>{f87d0895-fdea-4161-9f24-8c1420dce9c4}</UniqueIdentifier>
    </Filter>
    <Filter Include="src\Layer">
      <UniqueIdentifier>{5a4b3e03-7f10-45f7-bee9-980352b8f602}</UniqueIdentifier>
    </Filter>
    <Filter Include="src\Delegate">
      <UniqueIdentifier>{17522a83-6a35-4fbb-b89f-0fb69ce16d05}</UniqueIdentifier>
    </Filter>
    <Filter Include="src\Model">
      <UniqueIdentifier>{eea8e2dd-486c-4a8f-9a1c-ceed8edf16a2}</UniqueIdentifier>
    </Filter>
    <Filter Include="src\Delegate\public">
      <UniqueIdentifier>{4a6e5c2e-d855-4647-a034-f6a1a54c45bd}</UniqueIdentifier>
    </Filter>
    <Filter Include="src\Delegate\private">
      <UniqueIdentifier>{0115ae3a-b8a6-4a42-9332-08db518555c9}</UniqueIdentifier>
    </Filter>
    <Filter Include="src\Layer\public">
      <UniqueIdentifier>{83aa6ccd-eac9-4bbd-bb1a-2a5d5f8366b1}</UniqueIdentifier>
    </Filter>
    <Filter Include="src\Layer\private">
      <UniqueIdentifier>{0c673976-a4de-4d07-924a-246e3af16d53}</UniqueIdentifier>
    </Filter>
    <Filter Include="src\Model\public">
      <UniqueIdentifier>{b2fe876d-13ed-4f92-abdf-507f78949cef}</UniqueIdentifier>
    </Filter>
    <Filter Include="src\Model\private">
      <UniqueIdentifier>{6ba0dc66-9d58-49fd-b95d-c54c9f085af7}</UniqueIdentifier>
    </Filter>
    <Filter Include="src\Scene\public">
      <UniqueIdentifier>{b9a1e8f9-d65d-43c1-83f9-717795cf1bbe}</UniqueIdentifier>
    </Filter>
    <Filter Include="src\Scene\private">
      <UniqueIdentifier>{f4d96d97-0d8e-45d0-940c-ef60db26e59c}</UniqueIdentifier>
    </Filter>
    <Filter Include="src\Tool\public">
      <UniqueIdentifier>{57d39105-0c3a-4591-a271-ee154b9ac0b3}</UniqueIdentifier>
    </Filter>
    <Filter Include="src\Tool\private">
      <UniqueIdentifier>{211f7af5-b5f6-4448-b0ce-1673b6f574a0}</UniqueIdentifier>
    </Filter>
    <Filter Include="src\State">
      <UniqueIdentifier>{3ad7f657-3a4d-4f49-b7e4-30fe0cd90807}</UniqueIdentifier>
    </Filter>
    <Filter Include="src\State\public">
      <UniqueIdentifier>{4eda35ab-fb3f-47cd-ac04-b02c88794174}</UniqueIdentifier>
    </Filter>
    <Filter Include="src\State\private">
      <UniqueIdentifier>{bc963fae-74bb-43d6-a0b3-c07257ad7d18}</UniqueIdentifier>
    </Filter>
    <Filter Include="src\DBConnect">
      <UniqueIdentifier>{ba4b6466-82d7-4d45-bc50-276ed015d3a2}</UniqueIdentifier>
    </Filter>
    <Filter Include="src\DBConnect\private">
      <UniqueIdentifier>{7155d772-f939-40f0-9a96-271ef3acff16}</UniqueIdentifier>
    </Filter>
    <Filter Include="src\DBConnect\public">
      <UniqueIdentifier>{b96e0201-310f-4c86-8c3b-4dbe22818ca9}</UniqueIdentifier>
    </Filter>
  </ItemGroup>
  <ItemGroup>
    <ClCompile Include="main.cpp">
      <Filter>win32</Filter>
    </ClCompile>
    <ClCompile Include="..\Classes\AppDelegate.cpp">
      <Filter>src\Delegate\private</Filter>
    </ClCompile>
    <ClCompile Include="..\Classes\LoginLayer.cpp">
      <Filter>src\Layer\private</Filter>
    </ClCompile>
    <ClCompile Include="..\Classes\NewGameLayer.cpp">
      <Filter>src\Layer\private</Filter>
    </ClCompile>
    <ClCompile Include="..\Classes\SelectLayer.cpp">
      <Filter>src\Layer\private</Filter>
    </ClCompile>
    <ClCompile Include="..\Classes\SigOnLayer.cpp">
      <Filter>src\Layer\private</Filter>
    </ClCompile>
    <ClCompile Include="..\Classes\Animal.cpp">
      <Filter>src\Model\private</Filter>
    </ClCompile>
    <ClCompile Include="..\Classes\BeginScene.cpp">
      <Filter>src\Scene\private</Filter>
    </ClCompile>
    <ClCompile Include="..\Classes\EndScene.cpp">
      <Filter>src\Scene\private</Filter>
    </ClCompile>
    <ClCompile Include="..\Classes\GameScene.cpp">
      <Filter>src\Scene\private</Filter>
    </ClCompile>
    <ClCompile Include="..\Classes\HelloWorldScene.cpp">
      <Filter>src\Scene\private</Filter>
    </ClCompile>
    <ClCompile Include="..\Classes\Login.cpp">
      <Filter>src\Scene\private</Filter>
    </ClCompile>
    <ClCompile Include="..\Classes\NewGameScene.cpp">
      <Filter>src\Scene\private</Filter>
    </ClCompile>
    <ClCompile Include="..\Classes\SelectScene.cpp">
      <Filter>src\Scene\private</Filter>
    </ClCompile>
    <ClCompile Include="..\Classes\SignOn.cpp">
      <Filter>src\Scene\private</Filter>
    </ClCompile>
    <ClCompile Include="..\Classes\StartMenu.cpp">
      <Filter>src\Scene\private</Filter>
    </ClCompile>
    <ClCompile Include="..\Classes\GameData.cpp">
      <Filter>src\Tool\private</Filter>
    </ClCompile>
    <ClCompile Include="..\Classes\GameDynamicData.cpp">
      <Filter>src\Tool\private</Filter>
    </ClCompile>
    <ClCompile Include="..\Classes\MapInfo.cpp">
      <Filter>src\Tool\private</Filter>
    </ClCompile>
    <ClCompile Include="..\Classes\CameraPlayer.cpp">
      <Filter>src\Model\private</Filter>
    </ClCompile>
    <ClCompile Include="..\Classes\GameMapLayer.cpp">
      <Filter>src\Layer\private</Filter>
    </ClCompile>
    <ClCompile Include="..\Classes\FindRoad.cpp">
      <Filter>src\Tool\private</Filter>
    </ClCompile>
    <ClCompile Include="..\Classes\PlayerState.cpp">
      <Filter>src\State\private</Filter>
    </ClCompile>
    <ClCompile Include="..\Classes\PlayerWait.cpp">
      <Filter>src\State\private</Filter>
    </ClCompile>
    <ClCompile Include="..\Classes\PlayerRun.cpp">
      <Filter>src\State\private</Filter>
    </ClCompile>
    <ClCompile Include="..\Classes\DBDao.cpp">
      <Filter>src\DBConnect\private</Filter>
    </ClCompile>
    <ClCompile Include="..\Classes\GameLogicLayer.cpp">
      <Filter>src\Layer\private</Filter>
    </ClCompile>
    <ClCompile Include="..\Classes\LoadingLayer.cpp">
      <Filter>src\Layer\private</Filter>
    </ClCompile>
    <ClCompile Include="..\Classes\ExcessiveScene.cpp">
      <Filter>src\Scene\private</Filter>
    </ClCompile>
    <ClCompile Include="..\Classes\AudioSystem.cpp">
      <Filter>src\Tool\private</Filter>
    </ClCompile>
    <ClCompile Include="..\Classes\TaskSystem.cpp">
      <Filter>src\Tool\private</Filter>
    </ClCompile>
  </ItemGroup>
  <ItemGroup>
    <ClInclude Include="main.h">
      <Filter>win32</Filter>
    </ClInclude>
    <ClInclude Include="..\Classes\AppDelegate.h">
      <Filter>src\Delegate\public</Filter>
    </ClInclude>
    <ClInclude Include="..\Classes\LoginLayer.h">
      <Filter>src\Layer\public</Filter>
    </ClInclude>
    <ClInclude Include="..\Classes\NewGameLayer.h">
      <Filter>src\Layer\public</Filter>
    </ClInclude>
    <ClInclude Include="..\Classes\SelectLayer.h">
      <Filter>src\Layer\public</Filter>
    </ClInclude>
    <ClInclude Include="..\Classes\SigOnLayer.h">
      <Filter>src\Layer\public</Filter>
    </ClInclude>
    <ClInclude Include="..\Classes\Animal.h">
      <Filter>src\Model\public</Filter>
    </ClInclude>
    <ClInclude Include="..\Classes\BeginScene.h">
      <Filter>src\Scene\public</Filter>
    </ClInclude>
    <ClInclude Include="..\Classes\EndScene.h">
      <Filter>src\Scene\public</Filter>
    </ClInclude>
    <ClInclude Include="..\Classes\GameScene.h">
      <Filter>src\Scene\public</Filter>
    </ClInclude>
    <ClInclude Include="..\Classes\HelloWorldScene.h">
      <Filter>src\Scene\public</Filter>
    </ClInclude>
    <ClInclude Include="..\Classes\Login.h">
      <Filter>src\Scene\public</Filter>
    </ClInclude>
    <ClInclude Include="..\Classes\NewGameScene.h">
      <Filter>src\Scene\public</Filter>
    </ClInclude>
    <ClInclude Include="..\Classes\SelectScene.h">
      <Filter>src\Scene\public</Filter>
    </ClInclude>
    <ClInclude Include="..\Classes\SignOn.h">
      <Filter>src\Scene\public</Filter>
    </ClInclude>
    <ClInclude Include="..\Classes\StartMenu.h">
      <Filter>src\Scene\public</Filter>
    </ClInclude>
    <ClInclude Include="..\Classes\Commen.h">
      <Filter>src\Tool\public</Filter>
    </ClInclude>
    <ClInclude Include="..\Classes\GameData.h">
      <Filter>src\Tool\public</Filter>
    </ClInclude>
    <ClInclude Include="..\Classes\GameDynamicData.h">
      <Filter>src\Tool\public</Filter>
    </ClInclude>
    <ClInclude Include="..\Classes\MapInfo.h">
      <Filter>src\Tool\public</Filter>
    </ClInclude>
    <ClInclude Include="..\Classes\PreProcess.h">
      <Filter>src\Tool\public</Filter>
    </ClInclude>
    <ClInclude Include="..\Classes\CameraPlayer.h">
      <Filter>src\Model\public</Filter>
    </ClInclude>
    <ClInclude Include="..\Classes\GameMapLayer.h">
      <Filter>src\Layer\public</Filter>
    </ClInclude>
    <ClInclude Include="..\Classes\FindRoad.h">
      <Filter>src\Tool\public</Filter>
    </ClInclude>
    <ClInclude Include="..\Classes\PlayerState.h">
      <Filter>src\State\public</Filter>
    </ClInclude>
    <ClInclude Include="..\Classes\PlayerWait.h">
      <Filter>src\State\public</Filter>
    </ClInclude>
    <ClInclude Include="..\Classes\PlayerRun.h">
      <Filter>src\State\public</Filter>
    </ClInclude>
    <ClInclude Include="..\Classes\DBDao.h">
      <Filter>src\DBConnect\public</Filter>
    </ClInclude>
    <ClInclude Include="..\Classes\GameLogicLayer.h">
      <Filter>src\Layer\public</Filter>
    </ClInclude>
    <ClInclude Include="..\Classes\LoadingLayer.h">
      <Filter>src\Layer\public</Filter>
    </ClInclude>
    <ClInclude Include="..\Classes\ExcessiveScene.h">
      <Filter>src\Scene\public</Filter>
    </ClInclude>
    <ClInclude Include="..\Classes\AudioSystem.h">
      <Filter>src\Tool\public</Filter>
    </ClInclude>
    <ClInclude Include="..\Classes\TaskSystem.h">
      <Filter>src\Tool\public</Filter>
    </ClInclude>
  </ItemGroup>
  <ItemGroup>
    <ResourceCompile Include="game.rc">
      <Filter>resource</Filter>
    </ResourceCompile>
  </ItemGroup>
  <ItemGroup>
    <Xml Include="..\Resources\GameData.xml">
      <Filter>resource</Filter>
    </Xml>
  </ItemGroup>
</Project>